{
  "name": "hirebit",
  "version": "0.1.0",
  "lockfileVersion": 3,
  "requires": true,
  "packages": {
    "": {
      "name": "hirebit",
      "version": "0.1.0",
      "license": "SEE LICENSE IN LICENSE",
      "dependencies": {
        "@noble/curves": "2.4.0",
        "@scure/bip32": "2.4.0",
        "@scure/bip39": "2.4.0",
        "bitcoinjs-lib": "7.0.2"
      },
      "devDependencies": {
        "ffmpeg-static": "5.3.0",
        "ffprobe-static": "3.1.0"
      },
      "engines": {
        "node": ">=22.15.0"
      }
    },
    "node_modules/@derhuerst/http-basic": {
      "version": "8.2.4",
      "resolved": "https://registry.npmjs.org/@derhuerst/http-basic/-/http-basic-8.2.4.tgz",
      "integrity": "sha512-F9rL9k9Xjf5blCz8HsJRO4diy111cayL2vkY2XE4r4t3n0yPXVYy3KD3nJ1qbrSn9743UWSXH4IwuCa/HWlGFw==",
      "dev": true,
      "license": "MIT",
      "dependencies": {
        "caseless": "^0.12.0",
        "concat-stream": "^2.0.0",
        "http-response-object": "^3.0.1",
        "parse-cache-control": "^1.0.1"
      },
      "engines": {
        "node": ">=6.0.0"
      }
    },
    "node_modules/@noble/curves": {
      "version": "2.4.0",
      "resolved": "https://registry.npmjs.org/@noble/curves/-/curves-2.4.0.tgz",
      "integrity": "sha512-P4/62zrgfH33CneE3Dn4WhJVA22YUU0eR51wKIan4NVRvwsA0YnPTwWGpNbpuacSujmSFLvyzpyuR30+fbq2Ew==",
      "license": "MIT",
      "dependencies": {
        "@noble/hashes": "2.4.0"
      },
      "engines": {
        "node": ">= 20.19.0"
      },
      "funding": {
        "url": "https://paulmillr.com/funding/"
      }
    },
    "node_modules/@noble/hashes": {
      "version": "2.4.0",
      "resolved": "https://registry.npmjs.org/@noble/hashes/-/hashes-2.4.0.tgz",
      "integrity": "sha512-X5XaVWZIBCT7HHZGm5I7ZQXDwLG+bGXuSrMQAW+7Zvl87h1kmc1ZB1VSRJcpUfoUrGQp4Fkoxm5kZ+Ms+aW+eA==",
      "license": "MIT",
      "engines": {
        "node": ">= 20.19.0"
      },
      "funding": {
        "url": "https://paulmillr.com/funding/"
      }
    },
    "node_modules/@scure/base": {
      "version": "2.4.0",
      "resolved": "https://registry.npmjs.org/@scure/base/-/base-2.4.0.tgz",
      "integrity": "sha512-thZ1TuJwFwBblOhgsjDKvvGirBxNp+wSvY/DR6tJBJOTDhdAAcHJ8Vbr2eFnqaxeca4+t0i9KBf+uHYGWwZORg==",
      "license": "MIT",
      "funding": {
        "url": "https://paulmillr.com/funding/"
      }
    },
    "node_modules/@scure/bip32": {
      "version": "2.4.0",
      "resolved": "https://registry.npmjs.org/@scure/bip32/-/bip32-2.4.0.tgz",
      "integrity": "sha512-i3DS0CptAocyvqE4n3SUkpzeQK4vJMFwWLofTwRiiKo2aWojBOfyMCgfKw9HVpO6fSY5AK86sHS/Uzn8kK9Few==",
      "license": "MIT",
      "dependencies": {
        "@noble/curves": "2.4.0",
        "@noble/hashes": "2.4.0",
        "@scure/base": "2.4.0"
      },
      "funding": {
        "url": "https://paulmillr.com/funding/"
      }
    },
    "node_modules/@scure/bip39": {
      "version": "2.4.0",
      "resolved": "https://registry.npmjs.org/@scure/bip39/-/bip39-2.4.0.tgz",
      "integrity": "sha512-82dxFbZUYboyOf0AXiydsQrFQ5Q4h9mX+O2UkE91ROYmsc0BKMGZLwDmy96Jpa2+vrtoxomjUhy1RPIgH/r2nA==",
      "license": "MIT",
      "dependencies": {
        "@noble/hashes": "2.4.0"
      },
      "funding": {
        "url": "https://paulmillr.com/funding/"
      }
    },
    "node_modules/@types/node": {
      "version": "10.17.60",
      "resolved": "https://registry.npmjs.org/@types/node/-/node-10.17.60.tgz",
      "integrity": "sha512-F0KIgDJfy2nA3zMLmWGKxcH2ZVEtCZXHHdOQs2gSaQ27+lNeEfGxzkIw90aXswATX7AZ33tahPbzy6KAfUreVw==",
      "dev": true,
      "license": "MIT"
    },
    "node_modules/agent-base": {
      "version": "6.0.2",
      "resolved": "https://registry.npmjs.org/agent-base/-/agent-base-6.0.2.tgz",
      "integrity": "sha512-RZNwNclF7+MS/8bDg70amg32dyeZGZxiDuQmZxKLAlQjr3jGyLx+4Kkk58UO7D2QdgFIQCovuSuZESne6RG6XQ==",
      "dev": true,
      "license": "MIT",
      "dependencies": {
        "debug": "4"
      },
      "engines": {
        "node": ">= 6.0.0"
      }
    },
    "node_modules/base-x": {
      "version": "5.0.1",
      "resolved": "https://registry.npmjs.org/base-x/-/base-x-5.0.1.tgz",
      "integrity": "sha512-M7uio8Zt++eg3jPj+rHMfCC+IuygQHHCOU+IYsVtik6FWjuYpVt/+MRKcgsAMHh8mMFAwnB+Bs+mTrFiXjMzKg==",
      "license": "MIT"
    },
    "node_modules/bech32": {
      "version": "2.0.0",
      "resolved": "https://registry.npmjs.org/bech32/-/bech32-2.0.0.tgz",
      "integrity": "sha512-LcknSilhIGatDAsY1ak2I8VtGaHNhgMSYVxFrGLXv+xLHytaKZKcaUJJUE7qmBr7h33o5YQwP55pMI0xmkpJwg==",
      "license": "MIT"
    },
    "node_modules/bip174": {
      "version": "3.0.1",
      "resolved": "https://registry.npmjs.org/bip174/-/bip174-3.0.1.tgz",
      "integrity": "sha512-avOnOoLOwdjw1MebWKh3bHqWOH558Q9VpqmRKUv2S63vjw0pnX7Y+yRihxIibgP55twhc7+YfC0IAH43IF5FqQ==",
      "license": "MIT",
      "dependencies": {
        "uint8array-tools": "^0.0.10",
        "varuint-bitcoin": "^2.0.1"
      },
      "engines": {
        "node": ">=18.0.0"
      }
    },
    "node_modules/bip174/node_modules/uint8array-tools": {
      "version": "0.0.10",
      "resolved": "https://registry.npmjs.org/uint8array-tools/-/uint8array-tools-0.0.10.tgz",
      "integrity": "sha512-sSbrZqlr04w4p8KKpHw0ME/R4JzQaadum+BWhMlk2M7LrDyXWTfJOco3d1jNMdQNxgk5DDm88R3IWYH0nR+tzQ==",
      "license": "MIT",
      "engines": {
        "node": ">=14.0.0"
      }
    },
    "node_modules/bitcoinjs-lib": {
      "version": "7.0.2",
      "resolved": "https://registry.npmjs.org/bitcoinjs-lib/-/bitcoinjs-lib-7.0.2.tgz",
      "integrity": "sha512-ugLk9SR+2gvhpNA7kqQL1eVDKyBNo/rbr+df72nrZj4OOdZvQRHDVtyogPGXAU2MLQimLL7EbUdz95QGh6Th5Q==",
      "license": "MIT",
      "dependencies": {
        "@noble/hashes": "^1.2.0",
        "bech32": "^2.0.0",
        "bip174": "^3.0.0",
        "bs58check": "^4.0.0",
        "uint8array-tools": "^0.0.9",
        "valibot": "^1.2.0",
        "varuint-bitcoin": "^2.0.0"
      },
      "engines": {
        "node": ">=18.0.0"
      }
    },
    "node_modules/bitcoinjs-lib/node_modules/@noble/hashes": {
      "version": "1.8.0",
      "resolved": "https://registry.npmjs.org/@noble/hashes/-/hashes-1.8.0.tgz",
      "integrity": "sha512-jCs9ldd7NwzpgXDIf6P3+NrHh9/sD6CQdxHyjQI+h/6rDNo88ypBxxz45UDuZHz9r3tNz7N/VInSVoVdtXEI4A==",
      "license": "MIT",
      "engines": {
        "node": "^14.21.3 || >=16"
      },
      "funding": {
        "url": "https://paulmillr.com/funding/"
      }
    },
    "node_modules/bs58": {
      "version": "6.0.0",
      "resolved": "https://registry.npmjs.org/bs58/-/bs58-6.0.0.tgz",
      "integrity": "sha512-PD0wEnEYg6ijszw/u8s+iI3H17cTymlrwkKhDhPZq+Sokl3AU4htyBFTjAeNAlCCmg0f53g6ih3jATyCKftTfw==",
      "license": "MIT",
      "dependencies": {
        "base-x": "^5.0.0"
      }
    },
    "node_modules/bs58check": {
      "version": "4.0.0",
      "resolved": "https://registry.npmjs.org/bs58check/-/bs58check-4.0.0.tgz",
      "integrity": "sha512-FsGDOnFg9aVI9erdriULkd/JjEWONV/lQE5aYziB5PoBsXRind56lh8doIZIc9X4HoxT5x4bLjMWN1/NB8Zp5g==",
      "license": "MIT",
      "dependencies": {
        "@noble/hashes": "^1.2.0",
        "bs58": "^6.0.0"
      }
    },
    "node_modules/bs58check/node_modules/@noble/hashes": {
      "version": "1.8.0",
      "resolved": "https://registry.npmjs.org/@noble/hashes/-/hashes-1.8.0.tgz",
      "integrity": "sha512-jCs9ldd7NwzpgXDIf6P3+NrHh9/sD6CQdxHyjQI+h/6rDNo88ypBxxz45UDuZHz9r3tNz7N/VInSVoVdtXEI4A==",
      "license": "MIT",
      "engines": {
        "node": "^14.21.3 || >=16"
      },
      "funding": {
        "url": "https://paulmillr.com/funding/"
      }
    },
    "node_modules/buffer-from": {
      "version": "1.1.2",
      "resolved": "https://registry.npmjs.org/buffer-from/-/buffer-from-1.1.2.tgz",
      "integrity": "sha512-E+XQCRwSbaaiChtv6k6Dwgc+bx+Bs6vuKJHHl5kox/BaKbhiXzqQOwK4cO22yElGp2OCmjwVhT3HmxgyPGnJfQ==",
      "dev": true,
      "license": "MIT"
    },
    "node_modules/caseless": {
      "version": "0.12.0",
      "resolved": "https://registry.npmjs.org/caseless/-/caseless-0.12.0.tgz",
      "integrity": "sha512-4tYFyifaFfGacoiObjJegolkwSU4xQNGbVgUiNYVUxbQ2x2lUsFvY4hVgVzGiIe6WLOPqycWXA40l+PWsxthUw==",
      "dev": true,
      "license": "Apache-2.0"
    },
    "node_modules/concat-stream": {
      "version": "2.0.0",
      "resolved": "https://registry.npmjs.org/concat-stream/-/concat-stream-2.0.0.tgz",
      "integrity": "sha512-MWufYdFw53ccGjCA+Ol7XJYpAlW6/prSMzuPOTRnJGcGzuhLn4Scrz7qf6o8bROZ514ltazcIFJZevcfbo0x7A==",
      "dev": true,
      "engines": [
        "node >= 6.0"
      ],
      "license": "MIT",
      "dependencies": {
        "buffer-from": "^1.0.0",
        "inherits": "^2.0.3",
        "readable-stream": "^3.0.2",
        "typedarray": "^0.0.6"
      }
    },
    "node_modules/debug": {
      "version": "4.4.3",
      "resolved": "https://registry.npmjs.org/debug/-/debug-4.4.3.tgz",
      "integrity": "sha512-RGwwWnwQvkVfavKVt22FGLw+xYSdzARwm0ru6DhTVA3umU5hZc28V3kO4stgYryrTlLpuvgI9GiijltAjNbcqA==",
      "dev": true,
      "license": "MIT",
      "dependencies": {
        "ms": "^2.1.3"
      },
      "engines": {
        "node": ">=6.0"
      },
      "peerDependenciesMeta": {
        "supports-color": {
          "optional": true
        }
      }
    },
    "node_modules/env-paths": {
      "version": "2.2.1",
      "resolved": "https://registry.npmjs.org/env-paths/-/env-paths-2.2.1.tgz",
      "integrity": "sha512-+h1lkLKhZMTYjog1VEpJNG7NZJWcuc2DDk/qsqSTRRCOXiLjeQ1d1/udrUGhqMxUgAlwKNZ0cf2uqan5GLuS2A==",
      "dev": true,
      "license": "MIT",
      "engines": {
        "node": ">=6"
      }
    },
    "node_modules/ffmpeg-static": {
      "version": "5.3.0",
      "resolved": "https://registry.npmjs.org/ffmpeg-static/-/ffmpeg-static-5.3.0.tgz",
      "integrity": "sha512-H+K6sW6TiIX6VGend0KQwthe+kaceeH/luE8dIZyOP35ik7ahYojDuqlTV1bOrtEwl01sy2HFNGQfi5IDJvotg==",
      "dev": true,
      "hasInstallScript": true,
      "license": "GPL-3.0-or-later",
      "dependencies": {
        "@derhuerst/http-basic": "^8.2.0",
        "env-paths": "^2.2.0",
        "https-proxy-agent": "^5.0.0",
        "progress": "^2.0.3"
      },
      "engines": {
        "node": ">=16"
      }
    },
    "node_modules/ffprobe-static": {
      "version": "3.1.0",
      "resolved": "https://registry.npmjs.org/ffprobe-static/-/ffprobe-static-3.1.0.tgz",
      "integrity": "sha512-Dvpa9uhVMOYivhHKWLGDoa512J751qN1WZAIO+Xw4L/mrUSPxS4DApzSUDbCFE/LUq2+xYnznEahTd63AqBSpA==",
      "dev": true,
      "license": "MIT"
    },
    "node_modules/http-response-object": {
      "version": "3.0.2",
      "resolved": "https://registry.npmjs.org/http-response-object/-/http-response-object-3.0.2.tgz",
      "integrity": "sha512-bqX0XTF6fnXSQcEJ2Iuyr75yVakyjIDCqroJQ/aHfSdlM743Cwqoi2nDYMzLGWUcuTWGWy8AAvOKXTfiv6q9RA==",
      "dev": true,
      "license": "MIT",
      "dependencies": {
        "@types/node": "^10.0.3"
      }
    },
    "node_modules/https-proxy-agent": {
      "version": "5.0.1",
      "resolved": "https://registry.npmjs.org/https-proxy-agent/-/https-proxy-agent-5.0.1.tgz",
      "integrity": "sha512-dFcAjpTQFgoLMzC2VwU+C/CbS7uRL0lWmxDITmqm7C+7F0Odmj6s9l6alZc6AELXhrnggM2CeWSXHGOdX2YtwA==",
      "dev": true,
      "license": "MIT",
      "dependencies": {
        "agent-base": "6",
        "debug": "4"
      },
      "engines": {
        "node": ">= 6"
      }
    },
    "node_modules/inherits": {
      "version": "2.0.4",
      "resolved": "https://registry.npmjs.org/inherits/-/inherits-2.0.4.tgz",
      "integrity": "sha512-k/vGaX4/Yla3WzyMCvTQOXYeIHvqOKtnqBduzTHpzpQZzAskKMhZ2K+EnBiSM9zGSoIFeMpXKxa4dYeZIQqewQ==",
      "dev": true,
      "license": "ISC"
    },
    "node_modules/ms": {
      "version": "2.1.3",
      "resolved": "https://registry.npmjs.org/ms/-/ms-2.1.3.tgz",
      "integrity": "sha512-6FlzubTLZG3J2a/NVCAleEhjzq5oxgHyaCU9yYXvcLsvoVaHJq/s5xXI6/XXP6tz7R9xAOtHnSO/tXtF3WRTlA==",
      "dev": true,
      "license": "MIT"
    },
    "node_modules/parse-cache-control": {
      "version": "1.0.1",
      "resolved": "https://registry.npmjs.org/parse-cache-control/-/parse-cache-control-1.0.1.tgz",
      "integrity": "sha512-60zvsJReQPX5/QP0Kzfd/VrpjScIQ7SHBW6bFCYfEP+fp0Eppr1SHhIO5nd1PjZtvclzSzES9D/p5nFJurwfWg==",
      "dev": true
    },
    "node_modules/progress": {
      "version": "2.0.3",
      "resolved": "https://registry.npmjs.org/progress/-/progress-2.0.3.tgz",
      "integrity": "sha512-7PiHtLll5LdnKIMw100I+8xJXR5gW2QwWYkT6iJva0bXitZKa/XMrSbdmg3r2Xnaidz9Qumd0VPaMrZlF9V9sA==",
      "dev": true,
      "license": "MIT",
      "engines": {
        "node": ">=0.4.0"
      }
    },
    "node_modules/readable-stream": {
      "version": "3.6.2",
      "resolved": "https://registry.npmjs.org/readable-stream/-/readable-stream-3.6.2.tgz",
      "integrity": "sha512-9u/sniCrY3D5WdsERHzHE4G2YCXqoG5FTHUiCC4SIbr6XcLZBY05ya9EKjYek9O5xOAwjGq+1JdGBAS7Q9ScoA==",
      "dev": true,
      "license": "MIT",
      "dependencies": {
        "inherits": "^2.0.3",
        "string_decoder": "^1.1.1",
        "util-deprecate": "^1.0.1"
      },
      "engines": {
        "node": ">= 6"
      }
    },
    "node_modules/safe-buffer": {
      "version": "5.2.1",
      "resolved": "https://registry.npmjs.org/safe-buffer/-/safe-buffer-5.2.1.tgz",
      "integrity": "sha512-rp3So07KcdmmKbGvgaNxQSJr7bGVSVk5S9Eq1F+ppbRo70+YeaDxkw5Dd8NPN+GD6bjnYm2VuPuCXmpuYvmCXQ==",
      "dev": true,
      "funding": [
        {
          "type": "github",
          "url": "https://github.com/sponsors/feross"
        },
        {
          "type": "patreon",
          "url": "https://www.patreon.com/feross"
        },
        {
          "type": "consulting",
          "url": "https://feross.org/support"
        }
      ],
      "license": "MIT"
    },
    "node_modules/string_decoder": {
      "version": "1.3.0",
      "resolved": "https://registry.npmjs.org/string_decoder/-/string_decoder-1.3.0.tgz",
      "integrity": "sha512-hkRX8U1WjJFd8LsDJ2yQ/wWWxaopEsABU1XfkM8A+j0+85JAGppt16cr1Whg6KIbb4okU6Mql6BOj+uup/wKeA==",
      "dev": true,
      "license": "MIT",
      "dependencies": {
        "safe-buffer": "~5.2.0"
      }
    },
    "node_modules/typedarray": {
      "version": "0.0.6",
      "resolved": "https://registry.npmjs.org/typedarray/-/typedarray-0.0.6.tgz",
      "integrity": "sha512-/aCDEGatGvZ2BIk+HmLf4ifCJFwvKFNb9/JeZPMulfgFracn9QFcAf5GO8B/mweUjSoblS5In0cWhqpfs/5PQA==",
      "dev": true,
      "license": "MIT"
    },
    "node_modules/uint8array-tools": {
      "version": "0.0.9",
      "resolved": "https://registry.npmjs.org/uint8array-tools/-/uint8array-tools-0.0.9.tgz",
      "integrity": "sha512-9vqDWmoSXOoi+K14zNaf6LBV51Q8MayF0/IiQs3GlygIKUYtog603e6virExkjjFosfJUBI4LhbQK1iq8IG11A==",
      "license": "MIT",
      "engines": {
        "node": ">=14.0.0"
      }
    },
    "node_modules/util-deprecate": {
      "version": "1.0.2",
      "resolved": "https://registry.npmjs.org/util-deprecate/-/util-deprecate-1.0.2.tgz",
      "integrity": "sha512-EPD5q1uXyFxJpCrLnCc1nHnq3gOa6DZBocAIiI2TaSCA7VCJ1UJDMagCzIkXNsUYfD1daK//LTEQ8xiIbrHtcw==",
      "dev": true,
      "license": "MIT"
    },
    "node_modules/valibot": {
      "version": "1.5.0",
      "resolved": "https://registry.npmjs.org/valibot/-/valibot-1.5.0.tgz",
      "integrity": "sha512-nil6AkP2TChWL43Z5uJ6GTxX01CUA+g8LWUM+N/rB9NBbkUMaUsi9PUNzlUPgoKASgmx9f7eGOYpJ04/fSa6FQ==",
      "license": "MIT",
      "peerDependencies": {
        "typescript": ">=5"
      },
      "peerDependenciesMeta": {
        "typescript": {
          "optional": true
        }
      }
    },
    "node_modules/varuint-bitcoin": {
      "version": "2.0.1",
      "resolved": "https://registry.npmjs.org/varuint-bitcoin/-/varuint-bitcoin-2.0.1.tgz",
      "integrity": "sha512-TTl5qSPJ3FzjuTHo0Ex9WUE3jTxnUsQHR38vIDhHApoVstzJK4gE20WqmTWOT5oo7ilvOSNejXt4CJrfDcqm5A==",
      "license": "MIT",
      "dependencies": {
        "uint8array-tools": "^0.0.10"
      }
    },
    "node_modules/varuint-bitcoin/node_modules/uint8array-tools": {
      "version": "0.0.10",
      "resolved": "https://registry.npmjs.org/uint8array-tools/-/uint8array-tools-0.0.10.tgz",
      "integrity": "sha512-sSbrZqlr04w4p8KKpHw0ME/R4JzQaadum+BWhMlk2M7LrDyXWTfJOco3d1jNMdQNxgk5DDm88R3IWYH0nR+tzQ==",
      "license": "MIT",
      "engines": {
        "node": ">=14.0.0"
      }
    }
  }
}
